
Microsoft Visual Studio Solution File, Format Version 12.00
# Visual Studio Version 17
VisualStudioVersion = 17.8.34330.188
MinimumVisualStudioVersion = 10.0.40219.1
Project("{FAE04EC0-301F-11D3-BF4B-00C04F79EFBC}") = "т14кп1", "т14кп1\т14кп1.csproj", "{B07E0DDB-94F1-41FC-8678-AD35642D8B4A}"
EndProject
Global
	GlobalSection(SolutionConfigurationPlatforms) = preSolution
		Debug|Any CPU = Debug|Any CPU
		Release|Any CPU = Release|Any CPU
	EndGlobalSection
	GlobalSection(ProjectConfigurationPlatforms) = postSolution
		{B07E0DDB-94F1-41FC-8678-AD35642D8B4A}.Debug|Any CPU.ActiveCfg = Debug|Any CPU
		{B07E0DDB-94F1-41FC-8678-AD35642D8B4A}.Debug|Any CPU.Build.0 = Debug|Any CPU
		{B07E0DDB-94F1-41FC-8678-AD35642D8B4A}.Release|Any CPU.ActiveCfg = Release|Any CPU
		{B07E0DDB-94F1-41FC-8678-AD35642D8B4A}.Release|Any CPU.Build.0 = Release|Any CPU
	EndGlobalSection
	GlobalSection(SolutionProperties) = preSolution
		HideSolutionNode = FALSE
	EndGlobalSection
	GlobalSection(ExtensibilityGlobals) = postSolution
		SolutionGuid = {8BA02AFB-99D9-4B25-9281-A777DD0CAD1C}
	EndGlobalSection
EndGlobal
