
Microsoft Visual Studio Solution File, Format Version 12.00
# Visual Studio Version 17
VisualStudioVersion = 17.7.34202.233
MinimumVisualStudioVersion = 10.0.40219.1
Project("{FAE04EC0-301F-11D3-BF4B-00C04F79EFBC}") = "т8 кп2", "т8 кп2\т8 кп2.csproj", "{8D0665AA-3958-4569-A1F9-159A67FD9F50}"
EndProject
Global
	GlobalSection(SolutionConfigurationPlatforms) = preSolution
		Debug|Any CPU = Debug|Any CPU
		Release|Any CPU = Release|Any CPU
	EndGlobalSection
	GlobalSection(ProjectConfigurationPlatforms) = postSolution
		{8D0665AA-3958-4569-A1F9-159A67FD9F50}.Debug|Any CPU.ActiveCfg = Debug|Any CPU
		{8D0665AA-3958-4569-A1F9-159A67FD9F50}.Debug|Any CPU.Build.0 = Debug|Any CPU
		{8D0665AA-3958-4569-A1F9-159A67FD9F50}.Release|Any CPU.ActiveCfg = Release|Any CPU
		{8D0665AA-3958-4569-A1F9-159A67FD9F50}.Release|Any CPU.Build.0 = Release|Any CPU
	EndGlobalSection
	GlobalSection(SolutionProperties) = preSolution
		HideSolutionNode = FALSE
	EndGlobalSection
	GlobalSection(ExtensibilityGlobals) = postSolution
		SolutionGuid = {24310990-09B2-41F9-8AD0-3FCCD5EF83FE}
	EndGlobalSection
EndGlobal
