
Microsoft Visual Studio Solution File, Format Version 12.00
# Visual Studio Version 17
VisualStudioVersion = 17.8.34330.188
MinimumVisualStudioVersion = 10.0.40219.1
Project("{FAE04EC0-301F-11D3-BF4B-00C04F79EFBC}") = "т16кп2", "т16кп2\т16кп2.csproj", "{8C8973A6-0182-4DA4-8B1D-787FD5084089}"
EndProject
Global
	GlobalSection(SolutionConfigurationPlatforms) = preSolution
		Debug|Any CPU = Debug|Any CPU
		Release|Any CPU = Release|Any CPU
	EndGlobalSection
	GlobalSection(ProjectConfigurationPlatforms) = postSolution
		{8C8973A6-0182-4DA4-8B1D-787FD5084089}.Debug|Any CPU.ActiveCfg = Debug|Any CPU
		{8C8973A6-0182-4DA4-8B1D-787FD5084089}.Debug|Any CPU.Build.0 = Debug|Any CPU
		{8C8973A6-0182-4DA4-8B1D-787FD5084089}.Release|Any CPU.ActiveCfg = Release|Any CPU
		{8C8973A6-0182-4DA4-8B1D-787FD5084089}.Release|Any CPU.Build.0 = Release|Any CPU
	EndGlobalSection
	GlobalSection(SolutionProperties) = preSolution
		HideSolutionNode = FALSE
	EndGlobalSection
	GlobalSection(ExtensibilityGlobals) = postSolution
		SolutionGuid = {A9416611-B7C6-4330-AE62-B4FF79E59E03}
	EndGlobalSection
EndGlobal
