
Microsoft Visual Studio Solution File, Format Version 12.00
# Visual Studio Version 17
VisualStudioVersion = 17.8.34330.188
MinimumVisualStudioVersion = 10.0.40219.1
Project("{FAE04EC0-301F-11D3-BF4B-00C04F79EFBC}") = "т12кп2", "т12кп2\т12кп2.csproj", "{73DA7D17-49BB-4B4E-8834-FD52EBC0237E}"
EndProject
Global
	GlobalSection(SolutionConfigurationPlatforms) = preSolution
		Debug|Any CPU = Debug|Any CPU
		Release|Any CPU = Release|Any CPU
	EndGlobalSection
	GlobalSection(ProjectConfigurationPlatforms) = postSolution
		{73DA7D17-49BB-4B4E-8834-FD52EBC0237E}.Debug|Any CPU.ActiveCfg = Debug|Any CPU
		{73DA7D17-49BB-4B4E-8834-FD52EBC0237E}.Debug|Any CPU.Build.0 = Debug|Any CPU
		{73DA7D17-49BB-4B4E-8834-FD52EBC0237E}.Release|Any CPU.ActiveCfg = Release|Any CPU
		{73DA7D17-49BB-4B4E-8834-FD52EBC0237E}.Release|Any CPU.Build.0 = Release|Any CPU
	EndGlobalSection
	GlobalSection(SolutionProperties) = preSolution
		HideSolutionNode = FALSE
	EndGlobalSection
	GlobalSection(ExtensibilityGlobals) = postSolution
		SolutionGuid = {41299A99-D613-46C4-A7FD-F7A3E91181F8}
	EndGlobalSection
EndGlobal
