
Microsoft Visual Studio Solution File, Format Version 12.00
# Visual Studio Version 17
VisualStudioVersion = 17.8.34330.188
MinimumVisualStudioVersion = 10.0.40219.1
Project("{FAE04EC0-301F-11D3-BF4B-00C04F79EFBC}") = "т13кп1", "т13кп1\т13кп1.csproj", "{09E61269-134A-461A-AA4D-59325241AE41}"
EndProject
Global
	GlobalSection(SolutionConfigurationPlatforms) = preSolution
		Debug|Any CPU = Debug|Any CPU
		Release|Any CPU = Release|Any CPU
	EndGlobalSection
	GlobalSection(ProjectConfigurationPlatforms) = postSolution
		{09E61269-134A-461A-AA4D-59325241AE41}.Debug|Any CPU.ActiveCfg = Debug|Any CPU
		{09E61269-134A-461A-AA4D-59325241AE41}.Debug|Any CPU.Build.0 = Debug|Any CPU
		{09E61269-134A-461A-AA4D-59325241AE41}.Release|Any CPU.ActiveCfg = Release|Any CPU
		{09E61269-134A-461A-AA4D-59325241AE41}.Release|Any CPU.Build.0 = Release|Any CPU
	EndGlobalSection
	GlobalSection(SolutionProperties) = preSolution
		HideSolutionNode = FALSE
	EndGlobalSection
	GlobalSection(ExtensibilityGlobals) = postSolution
		SolutionGuid = {98E32968-F980-47F4-8BF3-EE80A98FEBDD}
	EndGlobalSection
EndGlobal
