
Microsoft Visual Studio Solution File, Format Version 12.00
# Visual Studio Version 16
VisualStudioVersion = 16.0.33920.266
MinimumVisualStudioVersion = 10.0.40219.1
Project("{FAE04EC0-301F-11D3-BF4B-00C04F79EFBC}") = "Т19кп2", "Т19кп2.csproj", "{3383D183-FD49-4E1E-AC0B-109458635AF2}"
EndProject
Global
	GlobalSection(SolutionConfigurationPlatforms) = preSolution
		Debug|Any CPU = Debug|Any CPU
		Release|Any CPU = Release|Any CPU
	EndGlobalSection
	GlobalSection(ProjectConfigurationPlatforms) = postSolution
		{3383D183-FD49-4E1E-AC0B-109458635AF2}.Debug|Any CPU.ActiveCfg = Debug|Any CPU
		{3383D183-FD49-4E1E-AC0B-109458635AF2}.Debug|Any CPU.Build.0 = Debug|Any CPU
		{3383D183-FD49-4E1E-AC0B-109458635AF2}.Release|Any CPU.ActiveCfg = Release|Any CPU
		{3383D183-FD49-4E1E-AC0B-109458635AF2}.Release|Any CPU.Build.0 = Release|Any CPU
	EndGlobalSection
	GlobalSection(SolutionProperties) = preSolution
		HideSolutionNode = FALSE
	EndGlobalSection
	GlobalSection(ExtensibilityGlobals) = postSolution
		SolutionGuid = {2BED2B84-4119-48F5-9A3B-5B86FDE7B131}
	EndGlobalSection
EndGlobal
