
Microsoft Visual Studio Solution File, Format Version 12.00
# Visual Studio Version 16
VisualStudioVersion = 16.0.33920.266
MinimumVisualStudioVersion = 10.0.40219.1
Project("{FAE04EC0-301F-11D3-BF4B-00C04F79EFBC}") = "т20кп1", "т20кп1.csproj", "{629C81E6-5AB9-4D3C-B901-FE85D69FBA03}"
EndProject
Global
	GlobalSection(SolutionConfigurationPlatforms) = preSolution
		Debug|Any CPU = Debug|Any CPU
		Release|Any CPU = Release|Any CPU
	EndGlobalSection
	GlobalSection(ProjectConfigurationPlatforms) = postSolution
		{629C81E6-5AB9-4D3C-B901-FE85D69FBA03}.Debug|Any CPU.ActiveCfg = Debug|Any CPU
		{629C81E6-5AB9-4D3C-B901-FE85D69FBA03}.Debug|Any CPU.Build.0 = Debug|Any CPU
		{629C81E6-5AB9-4D3C-B901-FE85D69FBA03}.Release|Any CPU.ActiveCfg = Release|Any CPU
		{629C81E6-5AB9-4D3C-B901-FE85D69FBA03}.Release|Any CPU.Build.0 = Release|Any CPU
	EndGlobalSection
	GlobalSection(SolutionProperties) = preSolution
		HideSolutionNode = FALSE
	EndGlobalSection
	GlobalSection(ExtensibilityGlobals) = postSolution
		SolutionGuid = {6D47F6FE-19CA-48D5-B9AF-15A39F942B3F}
	EndGlobalSection
EndGlobal
