
Microsoft Visual Studio Solution File, Format Version 12.00
# Visual Studio Version 17
VisualStudioVersion = 17.8.34511.84
MinimumVisualStudioVersion = 10.0.40219.1
Project("{FAE04EC0-301F-11D3-BF4B-00C04F79EFBC}") = "05.03.2024", "05.03.2024.csproj", "{44BEB4D3-2F1D-4BA3-87F2-8FEBFD20B194}"
EndProject
Project("{2150E333-8FDC-42A3-9474-1A3956D46DE8}") = "абстрактный класс и потомки", "абстрактный класс и потомки", "{FFF6DF4A-F37D-46DA-B44A-B19684A19CEC}"
	ProjectSection(SolutionItems) = preProject
		Bicycle.cs = Bicycle.cs
		Car.cs = Car.cs
		Lorry.cs = Lorry.cs
		Vehicle.cs = Vehicle.cs
	EndProjectSection
EndProject
Global
	GlobalSection(SolutionConfigurationPlatforms) = preSolution
		Debug|Any CPU = Debug|Any CPU
		Release|Any CPU = Release|Any CPU
	EndGlobalSection
	GlobalSection(ProjectConfigurationPlatforms) = postSolution
		{44BEB4D3-2F1D-4BA3-87F2-8FEBFD20B194}.Debug|Any CPU.ActiveCfg = Debug|Any CPU
		{44BEB4D3-2F1D-4BA3-87F2-8FEBFD20B194}.Debug|Any CPU.Build.0 = Debug|Any CPU
		{44BEB4D3-2F1D-4BA3-87F2-8FEBFD20B194}.Release|Any CPU.ActiveCfg = Release|Any CPU
		{44BEB4D3-2F1D-4BA3-87F2-8FEBFD20B194}.Release|Any CPU.Build.0 = Release|Any CPU
	EndGlobalSection
	GlobalSection(SolutionProperties) = preSolution
		HideSolutionNode = FALSE
	EndGlobalSection
	GlobalSection(ExtensibilityGlobals) = postSolution
		SolutionGuid = {1A2B38A5-F184-4CCF-8330-56B532740373}
	EndGlobalSection
EndGlobal
