
Microsoft Visual Studio Solution File, Format Version 12.00
# Visual Studio Version 17
VisualStudioVersion = 17.7.34202.233
MinimumVisualStudioVersion = 10.0.40219.1
Project("{FAE04EC0-301F-11D3-BF4B-00C04F79EFBC}") = "кп1 т6", "кп1 т6\кп1 т6.csproj", "{B1E89683-3321-40F8-B74E-A9B8B156C3EC}"
EndProject
Global
	GlobalSection(SolutionConfigurationPlatforms) = preSolution
		Debug|Any CPU = Debug|Any CPU
		Release|Any CPU = Release|Any CPU
	EndGlobalSection
	GlobalSection(ProjectConfigurationPlatforms) = postSolution
		{B1E89683-3321-40F8-B74E-A9B8B156C3EC}.Debug|Any CPU.ActiveCfg = Debug|Any CPU
		{B1E89683-3321-40F8-B74E-A9B8B156C3EC}.Debug|Any CPU.Build.0 = Debug|Any CPU
		{B1E89683-3321-40F8-B74E-A9B8B156C3EC}.Release|Any CPU.ActiveCfg = Release|Any CPU
		{B1E89683-3321-40F8-B74E-A9B8B156C3EC}.Release|Any CPU.Build.0 = Release|Any CPU
	EndGlobalSection
	GlobalSection(SolutionProperties) = preSolution
		HideSolutionNode = FALSE
	EndGlobalSection
	GlobalSection(ExtensibilityGlobals) = postSolution
		SolutionGuid = {DA6CCC30-CFB9-417F-9944-0791A5594B18}
	EndGlobalSection
EndGlobal
