
Microsoft Visual Studio Solution File, Format Version 12.00
# Visual Studio Version 17
VisualStudioVersion = 17.8.34511.84
MinimumVisualStudioVersion = 10.0.40219.1
Project("{FAE04EC0-301F-11D3-BF4B-00C04F79EFBC}") = "т18кп2", "т18кп2.csproj", "{AE5EB45B-B11F-47E8-96D9-7E8804717507}"
EndProject
Global
	GlobalSection(SolutionConfigurationPlatforms) = preSolution
		Debug|Any CPU = Debug|Any CPU
		Release|Any CPU = Release|Any CPU
	EndGlobalSection
	GlobalSection(ProjectConfigurationPlatforms) = postSolution
		{AE5EB45B-B11F-47E8-96D9-7E8804717507}.Debug|Any CPU.ActiveCfg = Debug|Any CPU
		{AE5EB45B-B11F-47E8-96D9-7E8804717507}.Debug|Any CPU.Build.0 = Debug|Any CPU
		{AE5EB45B-B11F-47E8-96D9-7E8804717507}.Release|Any CPU.ActiveCfg = Release|Any CPU
		{AE5EB45B-B11F-47E8-96D9-7E8804717507}.Release|Any CPU.Build.0 = Release|Any CPU
	EndGlobalSection
	GlobalSection(SolutionProperties) = preSolution
		HideSolutionNode = FALSE
	EndGlobalSection
	GlobalSection(ExtensibilityGlobals) = postSolution
		SolutionGuid = {0CB976ED-BCE2-4F71-B86B-91DC7C2CC49F}
	EndGlobalSection
EndGlobal
