
Microsoft Visual Studio Solution File, Format Version 12.00
# Visual Studio Version 16
VisualStudioVersion = 16.0.33920.266
MinimumVisualStudioVersion = 10.0.40219.1
Project("{FAE04EC0-301F-11D3-BF4B-00C04F79EFBC}") = "28.05.24", "28.05.24.csproj", "{7EED9E1B-4722-4FB8-A50B-0021F7149239}"
EndProject
Global
	GlobalSection(SolutionConfigurationPlatforms) = preSolution
		Debug|Any CPU = Debug|Any CPU
		Release|Any CPU = Release|Any CPU
	EndGlobalSection
	GlobalSection(ProjectConfigurationPlatforms) = postSolution
		{7EED9E1B-4722-4FB8-A50B-0021F7149239}.Debug|Any CPU.ActiveCfg = Debug|Any CPU
		{7EED9E1B-4722-4FB8-A50B-0021F7149239}.Debug|Any CPU.Build.0 = Debug|Any CPU
		{7EED9E1B-4722-4FB8-A50B-0021F7149239}.Release|Any CPU.ActiveCfg = Release|Any CPU
		{7EED9E1B-4722-4FB8-A50B-0021F7149239}.Release|Any CPU.Build.0 = Release|Any CPU
	EndGlobalSection
	GlobalSection(SolutionProperties) = preSolution
		HideSolutionNode = FALSE
	EndGlobalSection
	GlobalSection(ExtensibilityGlobals) = postSolution
		SolutionGuid = {EEFBDC9C-3762-4E61-9F56-AB2F434FF95E}
	EndGlobalSection
EndGlobal
