
Microsoft Visual Studio Solution File, Format Version 12.00
# Visual Studio Version 17
VisualStudioVersion = 17.8.34525.116
MinimumVisualStudioVersion = 10.0.40219.1
Project("{FAE04EC0-301F-11D3-BF4B-00C04F79EFBC}") = "20 1 1", "20 1 1\20 1 1.csproj", "{272B077B-4B59-412A-B605-04D2189FD91B}"
EndProject
Global
	GlobalSection(SolutionConfigurationPlatforms) = preSolution
		Debug|Any CPU = Debug|Any CPU
		Release|Any CPU = Release|Any CPU
	EndGlobalSection
	GlobalSection(ProjectConfigurationPlatforms) = postSolution
		{272B077B-4B59-412A-B605-04D2189FD91B}.Debug|Any CPU.ActiveCfg = Debug|Any CPU
		{272B077B-4B59-412A-B605-04D2189FD91B}.Debug|Any CPU.Build.0 = Debug|Any CPU
		{272B077B-4B59-412A-B605-04D2189FD91B}.Release|Any CPU.ActiveCfg = Release|Any CPU
		{272B077B-4B59-412A-B605-04D2189FD91B}.Release|Any CPU.Build.0 = Release|Any CPU
	EndGlobalSection
	GlobalSection(SolutionProperties) = preSolution
		HideSolutionNode = FALSE
	EndGlobalSection
	GlobalSection(ExtensibilityGlobals) = postSolution
		SolutionGuid = {AE2397FC-B56C-4400-BF72-F65D0A4ABDDE}
	EndGlobalSection
EndGlobal
